{
  "version": "5",
  "redirects": {
    "https://esm.sh/@supabase/node-fetch@^2.6.14?target=denonext": "https://esm.sh/@supabase/node-fetch@2.6.15?target=denonext",
    "https://esm.sh/@types/ws@~8.18.1/index.d.mts": "https://esm.sh/@types/ws@8.18.1/index.d.mts",
    "https://esm.sh/bufferutil@^4.0.1?target=denonext": "https://esm.sh/bufferutil@4.1.0?target=denonext",
    "https://esm.sh/node-gyp-build@^4.3.0?target=denonext": "https://esm.sh/node-gyp-build@4.8.4?target=denonext",
    "https://esm.sh/tr46@~0.0.3?target=denonext": "https://esm.sh/tr46@0.0.3?target=denonext",
    "https://esm.sh/utf-8-validate@%3E=5.0.2?target=denonext": "https://esm.sh/utf-8-validate@6.0.6?target=denonext",
    "https://esm.sh/webidl-conversions@^3.0.0?target=denonext": "https://esm.sh/webidl-conversions@3.0.1?target=denonext",
    "https://esm.sh/whatwg-url@^5.0.0?target=denonext": "https://esm.sh/whatwg-url@5.0.0?target=denonext",
    "https://esm.sh/ws@^8.14.2?target=denonext": "https://esm.sh/ws@8.21.0?target=denonext"
  },
  "remote": {
    "https://esm.sh/@supabase/auth-js@2.64.4/denonext/auth-js.mjs": "a72d41796602ae950f8b7b980a629ccb4ac45376f0e510503c7a5e16019f4362",
    "https://esm.sh/@supabase/functions-js@2.4.1/denonext/functions-js.mjs": "0dfa81270bba8ae5af371b273a564203b4625b3a18e70774235b0b46ef40d940",
    "https://esm.sh/@supabase/node-fetch@2.6.15/denonext/node-fetch.mjs": "0bae9052231f4f6dbccc7234d05ea96923dbf967be12f402764580b6bf9f713d",
    "https://esm.sh/@supabase/node-fetch@2.6.15?target=denonext": "4d28c4ad97328403184353f68434f2b6973971507919e9150297413664919cf3",
    "https://esm.sh/@supabase/postgrest-js@1.15.8/denonext/postgrest-js.mjs": "e38ab1fbd1d7ed325e3ddc20c72001d3653151c3d3be3455d682b141321a345d",
    "https://esm.sh/@supabase/realtime-js@2.10.2/denonext/realtime-js.mjs": "3a5a350e881736135ec1bd8c4361c96edeb647d3c56be7cf3a68eddfaf3ce242",
    "https://esm.sh/@supabase/storage-js@2.6.0/denonext/storage-js.mjs": "d3f8b6f5f538cd0d8f88ed0248c3b5dc845d9ca41500589e19fbfc734c8952de",
    "https://esm.sh/@supabase/supabase-js@2.45.0": "36ae57c3f2dc3f94fd122a846b40a87114d29bb2f47e910cb46bee5575febf2e",
    "https://esm.sh/@supabase/supabase-js@2.45.0/denonext/supabase-js.mjs": "59c4845d0798118ff097b3295b5a6f3ef63d18ff4a31bf8125e91b467e0be7a6",
    "https://esm.sh/bufferutil@4.1.0/denonext/bufferutil.mjs": "9b6e81087bdc57848ad1de1f8618ebbace98ebd9ff6cab51260b48c2a045a9c9",
    "https://esm.sh/bufferutil@4.1.0?target=denonext": "aaa2a112199593ccc40da1aedf5124779862ea166afb0a8529f04f907001428a",
    "https://esm.sh/node-gyp-build@4.8.4/denonext/node-gyp-build.mjs": "9a86f2d044fc77bd60aaa3d697c2ba1b818da5fb1b9aaeedec59a40b8e908803",
    "https://esm.sh/node-gyp-build@4.8.4?target=denonext": "261a6cedf1fdbf159798141ba1e2311ac1510682c5c8b55dacc8cf5fdee4aa06",
    "https://esm.sh/tr46@0.0.3/denonext/tr46.mjs": "5753ec0a99414f4055f0c1f97691100f13d88e48a8443b00aebb90a512785fa2",
    "https://esm.sh/tr46@0.0.3?target=denonext": "19cb9be0f0d418a0c3abb81f2df31f080e9540a04e43b0f699bce1149cba0cbb",
    "https://esm.sh/utf-8-validate@6.0.6/denonext/utf-8-validate.mjs": "4a41983aa887625615f52a52b53c223d8f16c74e52a6bd41b2c361894c07f878",
    "https://esm.sh/utf-8-validate@6.0.6?target=denonext": "8afa4e097093160323f232f971ca61474d22ccafdac8025e4e4f66ab4e07b2c4",
    "https://esm.sh/webidl-conversions@3.0.1/denonext/webidl-conversions.mjs": "238cd0743827707cbc1c2d7c2cf1027dbc536fb53ec9a3fde0ff8026a3ac5385",
    "https://esm.sh/webidl-conversions@3.0.1?target=denonext": "4e20318d50528084616c79d7b3f6e7f0fe7b6d09013bd01b3974d7448d767e29",
    "https://esm.sh/whatwg-url@5.0.0/denonext/whatwg-url.mjs": "29b16d74ee72624c915745bbd25b617cfd2248c6af0f5120d131e232a9a9af79",
    "https://esm.sh/whatwg-url@5.0.0?target=denonext": "f001a2cadf81312d214ca330033f474e74d81a003e21e8c5d70a1f46dc97b02d",
    "https://esm.sh/ws@8.21.0/denonext/ws.mjs": "2123ca54b24f3afe1eaf408d9e6b39147b05cda4c3c0c7773465e44c86964671",
    "https://esm.sh/ws@8.21.0?target=denonext": "bbe46738716c3f43e77c16cd757403a4a9e8bcca1559f405c06fe59e5b6f3de5"
  },
  "workspace": {
    "packageJson": {
      "dependencies": [
        "npm:@eslint/js@^9.32.0",
        "npm:@hookform/resolvers@^3.10.0",
        "npm:@radix-ui/react-accordion@^1.2.11",
        "npm:@radix-ui/react-alert-dialog@^1.1.14",
        "npm:@radix-ui/react-aspect-ratio@^1.1.7",
        "npm:@radix-ui/react-avatar@^1.1.10",
        "npm:@radix-ui/react-checkbox@^1.3.2",
        "npm:@radix-ui/react-collapsible@^1.1.11",
        "npm:@radix-ui/react-context-menu@^2.2.15",
        "npm:@radix-ui/react-dialog@^1.1.14",
        "npm:@radix-ui/react-dropdown-menu@^2.1.15",
        "npm:@radix-ui/react-hover-card@^1.1.14",
        "npm:@radix-ui/react-label@^2.1.7",
        "npm:@radix-ui/react-menubar@^1.1.15",
        "npm:@radix-ui/react-navigation-menu@^1.2.13",
        "npm:@radix-ui/react-popover@^1.1.14",
        "npm:@radix-ui/react-progress@^1.1.7",
        "npm:@radix-ui/react-radio-group@^1.3.7",
        "npm:@radix-ui/react-scroll-area@^1.2.9",
        "npm:@radix-ui/react-select@^2.2.5",
        "npm:@radix-ui/react-separator@^1.1.7",
        "npm:@radix-ui/react-slider@^1.3.5",
        "npm:@radix-ui/react-slot@^1.2.3",
        "npm:@radix-ui/react-switch@^1.2.5",
        "npm:@radix-ui/react-tabs@^1.1.12",
        "npm:@radix-ui/react-toast@^1.2.14",
        "npm:@radix-ui/react-toggle-group@^1.1.10",
        "npm:@radix-ui/react-toggle@^1.1.9",
        "npm:@radix-ui/react-tooltip@^1.2.7",
        "npm:@supabase/supabase-js@^2.105.1",
        "npm:@tailwindcss/typography@~0.5.16",
        "npm:@tanstack/react-query@^5.83.0",
        "npm:@testing-library/jest-dom@^6.6.0",
        "npm:@testing-library/react@16",
        "npm:@types/node@^22.16.5",
        "npm:@types/react-dom@^18.3.7",
        "npm:@types/react@^18.3.23",
        "npm:@vitejs/plugin-react-swc@^3.11.0",
        "npm:autoprefixer@^10.4.21",
        "npm:class-variance-authority@~0.7.1",
        "npm:clsx@^2.1.1",
        "npm:cmdk@^1.1.1",
        "npm:date-fns@^3.6.0",
        "npm:embla-carousel-react@^8.6.0",
        "npm:eslint-plugin-react-hooks@^5.2.0",
        "npm:eslint-plugin-react-refresh@~0.4.20",
        "npm:eslint@^9.32.0",
        "npm:framer-motion@^12.38.0",
        "npm:globals@^15.15.0",
        "npm:input-otp@^1.4.2",
        "npm:jsdom@^20.0.3",
        "npm:lucide-react@0.462",
        "npm:next-themes@0.3",
        "npm:postcss@^8.5.6",
        "npm:react-day-picker@^8.10.1",
        "npm:react-dom@^18.3.1",
        "npm:react-helmet-async@3",
        "npm:react-hook-form@^7.61.1",
        "npm:react-resizable-panels@^2.1.9",
        "npm:react-router-dom@^6.30.1",
        "npm:react@^18.3.1",
        "npm:recharts@^2.15.4",
        "npm:sonner@^1.7.4",
        "npm:tailwind-merge@^2.6.1",
        "npm:tailwindcss-animate@^1.0.7",
        "npm:tailwindcss@^3.4.17",
        "npm:typescript-eslint@^8.38.0",
        "npm:typescript@^5.8.3",
        "npm:vaul@~0.9.9",
        "npm:vite@^5.4.19",
        "npm:vitest@^3.2.4",
        "npm:zod@^3.25.76"
      ]
    }
  }
}
